// !$*UTF8*$!
{
	archiveVersion = 1;
	classes = {
	};
	objectVersion = 50;
	objects = {

/* Begin PBXBuildFile section */
		C8F3D55D2659DF51006C62C0 /* ImageCompApp.swift in Sources */ = {isa = PBXBuildFile; fileRef = C8F3D55C2659DF51006C62C0 /* ImageCompApp.swift */; };
		C8F3D55F2659DF51006C62C0 /* ContentView.swift in Sources */ = {isa = PBXBuildFile; fileRef = C8F3D55E2659DF51006C62C0 /* ContentView.swift */; };
		C8F3D5612659DF57006C62C0 /* Assets.xcassets in Resources */ = {isa = PBXBuildFile; fileRef = C8F3D5602659DF57006C62C0 /* Assets.xcassets */; };
		C8F3D5642659DF57006C62C0 /* Preview Assets.xcassets in Resources */ = {isa = PBXBuildFile; fileRef = C8F3D5632659DF57006C62C0 /* Preview Assets.xcassets */; };
		C8F3D56F2659DF57006C62C0 /* ImageCompTests.swift in Sources */ = {isa = PBXBuildFile; fileRef = C8F3D56E2659DF57006C62C0 /* ImageCompTests.swift */; };
		C8F3D57A2659DF58006C62C0 /* ImageCompUITests.swift in Sources */ = {isa = PBXBuildFile; fileRef = C8F3D5792659DF58006C62C0 /* ImageCompUITests.swift */; };
/* End PBXBuildFile section */

/* Begin PBXContainerItemProxy section */
		C8F3D56B2659DF57006C62C0 /* PBXContainerItemProxy */ = {
			isa = PBXContainerItemProxy;
			containerPortal = C8F3D5512659DF51006C62C0 /* Project object */;
			proxyType = 1;
			remoteGlobalIDString = C8F3D5582659DF51006C62C0;
			remoteInfo = ImageComp;
		};
		C8F3D5762659DF58006C62C0 /* PBXContainerItemProxy */ = {
			isa = PBXContainerItemProxy;
			containerPortal = C8F3D5512659DF51006C62C0 /* Project object */;
			proxyType = 1;
			remoteGlobalIDString = C8F3D5582659DF51006C62C0;
			remoteInfo = ImageComp;
		};
/* End PBXContainerItemProxy section */

/* Begin PBXFileReference section */
		C8F3D5592659DF51006C62C0 /* ImageComp.app */ = {isa = PBXFileReference; explicitFileType = wrapper.application; includeInIndex = 0; path = ImageComp.app; sourceTree = BUILT_PRODUCTS_DIR; };
		C8F3D55C2659DF51006C62C0 /* ImageCompApp.swift */ = {isa = PBXFileReference; lastKnownFileType = sourcecode.swift; path = ImageCompApp.swift; sourceTree = "<group>"; };
		C8F3D55E2659DF51006C62C0 /* ContentView.swift */ = {isa = PBXFileReference; lastKnownFileType = sourcecode.swift; path = ContentView.swift; sourceTree = "<group>"; };
		C8F3D5602659DF57006C62C0 /* Assets.xcassets */ = {isa = PBXFileReference; lastKnownFileType = folder.assetcatalog; path = Assets.xcassets; sourceTree = "<group>"; };
		C8F3D5632659DF57006C62C0 /* Preview Assets.xcassets */ = {isa = PBXFileReference; lastKnownFileType = folder.assetcatalog; path = "Preview Assets.xcassets"; sourceTree = "<group>"; };
		C8F3D5652659DF57006C62C0 /* Info.plist */ = {isa = PBXFileReference; lastKnownFileType = text.plist.xml; path = Info.plist; sourceTree = "<group>"; };
		C8F3D56A2659DF57006C62C0 /* ImageCompTests.xctest */ = {isa = PBXFileReference; explicitFileType = wrapper.cfbundle; includeInIndex = 0; path = ImageCompTests.xctest; sourceTree = BUILT_PRODUCTS_DIR; };
		C8F3D56E2659DF57006C62C0 /* ImageCompTests.swift */ = {isa = PBXFileReference; lastKnownFileType = sourcecode.swift; path = ImageCompTests.swift; sourceTree = "<group>"; };
		C8F3D5702659DF57006C62C0 /* Info.plist */ = {isa = PBXFileReference; lastKnownFileType = text.plist.xml; path = Info.plist; sourceTree = "<group>"; };
		C8F3D5752659DF58006C62C0 /* ImageCompUITests.xctest */ = {isa = PBXFileReference; explicitFileType = wrapper.cfbundle; includeInIndex = 0; path = ImageCompUITests.xctest; sourceTree = BUILT_PRODUCTS_DIR; };
		C8F3D5792659DF58006C62C0 /* ImageCompUITests.swift */ = {isa = PBXFileReference; lastKnownFileType = sourcecode.swift; path = ImageCompUITests.swift; sourceTree = "<group>"; };
		C8F3D57B2659DF58006C62C0 /* Info.plist */ = {isa = PBXFileReference; lastKnownFileType = text.plist.xml; path = Info.plist; sourceTree = "<group>"; };
/* End PBXFileReference section */

/* Begin PBXFrameworksBuildPhase section */
		C8F3D5562659DF51006C62C0 /* Frameworks */ = {
			isa = PBXFrameworksBuildPhase;
			buildActionMask = 2147483647;
			files = (
			);
			runOnlyForDeploymentPostprocessing = 0;
		};
		C8F3D5672659DF57006C62C0 /* Frameworks */ = {
			isa = PBXFrameworksBuildPhase;
			buildActionMask = 2147483647;
			files = (
			);
			runOnlyForDeploymentPostprocessing = 0;
		};
		C8F3D5722659DF58006C62C0 /* Frameworks */ = {
			isa = PBXFrameworksBuildPhase;
			buildActionMask = 2147483647;
			files = (
			);
			runOnlyForDeploymentPostprocessing = 0;
		};
/* End PBXFrameworksBuildPhase section */

/* Begin PBXGroup section */
		C8F3D5502659DF51006C62C0 = {
			isa = PBXGroup;
			children = (
				C8F3D55B2659DF51006C62C0 /* ImageComp */,
				C8F3D56D2659DF57006C62C0 /* ImageCompTests */,
				C8F3D5782659DF58006C62C0 /* ImageCompUITests */,
				C8F3D55A2659DF51006C62C0 /* Products */,
			);
			sourceTree = "<group>";
		};
		C8F3D55A2659DF51006C62C0 /* Products */ = {
			isa = PBXGroup;
			children = (
				C8F3D5592659DF51006C62C0 /* ImageComp.app */,
				C8F3D56A2659DF57006C62C0 /* ImageCompTests.xctest */,
				C8F3D5752659DF58006C62C0 /* ImageCompUITests.xctest */,
			);
			name = Products;
			sourceTree = "<group>";
		};
		C8F3D55B2659DF51006C62C0 /* ImageComp */ = {
			isa = PBXGroup;
			children = (
				C8F3D55C2659DF51006C62C0 /* ImageCompApp.swift */,
				C8F3D55E2659DF51006C62C0 /* ContentView.swift */,
				C8F3D5602659DF57006C62C0 /* Assets.xcassets */,
				C8F3D5652659DF57006C62C0 /* Info.plist */,
				C8F3D5622659DF57006C62C0 /* Preview Content */,
			);
			path = ImageComp;
			sourceTree = "<group>";
		};
		C8F3D5622659DF57006C62C0 /* Preview Content */ = {
			isa = PBXGroup;
			children = (
				C8F3D5632659DF57006C62C0 /* Preview Assets.xcassets */,
			);
			path = "Preview Content";
			sourceTree = "<group>";
		};
		C8F3D56D2659DF57006C62C0 /* ImageCompTests */ = {
			isa = PBXGroup;
			children = (
				C8F3D56E2659DF57006C62C0 /* ImageCompTests.swift */,
				C8F3D5702659DF57006C62C0 /* Info.plist */,
			);
			path = ImageCompTests;
			sourceTree = "<group>";
		};
		C8F3D5782659DF58006C62C0 /* ImageCompUITests */ = {
			isa = PBXGroup;
			children = (
				C8F3D5792659DF58006C62C0 /* ImageCompUITests.swift */,
				C8F3D57B2659DF58006C62C0 /* Info.plist */,
			);
			path = ImageCompUITests;
			sourceTree = "<group>";
		};
/* End PBXGroup section */

/* Begin PBXNativeTarget section */
		C8F3D5582659DF51006C62C0 /* ImageComp */ = {
			isa = PBXNativeTarget;
			buildConfigurationList = C8F3D57E2659DF58006C62C0 /* Build configuration list for PBXNativeTarget "ImageComp" */;
			buildPhases = (
				C8F3D5552659DF51006C62C0 /* Sources */,
				C8F3D5562659DF51006C62C0 /* Frameworks */,
				C8F3D5572659DF51006C62C0 /* Resources */,
			);
			buildRules = (
			);
			dependencies = (
			);
			name = ImageComp;
			productName = ImageComp;
			productReference = C8F3D5592659DF51006C62C0 /* ImageComp.app */;
			productType = "com.apple.product-type.application";
		};
		C8F3D5692659DF57006C62C0 /* ImageCompTests */ = {
			isa = PBXNativeTarget;
			buildConfigurationList = C8F3D5812659DF58006C62C0 /* Build configuration list for PBXNativeTarget "ImageCompTests" */;
			buildPhases = (
				C8F3D5662659DF57006C62C0 /* Sources */,
				C8F3D5672659DF57006C62C0 /* Frameworks */,
				C8F3D5682659DF57006C62C0 /* Resources */,
			);
			buildRules = (
			);
			dependencies = (
				C8F3D56C2659DF57006C62C0 /* PBXTargetDependency */,
			);
			name = ImageCompTests;
			productName = ImageCompTests;
			productReference = C8F3D56A2659DF57006C62C0 /* ImageCompTests.xctest */;
			productType = "com.apple.product-type.bundle.unit-test";
		};
		C8F3D5742659DF58006C62C0 /* ImageCompUITests */ = {
			isa = PBXNativeTarget;
			buildConfigurationList = C8F3D5842659DF58006C62C0 /* Build configuration list for PBXNativeTarget "ImageCompUITests" */;
			buildPhases = (
				C8F3D5712659DF58006C62C0 /* Sources */,
				C8F3D5722659DF58006C62C0 /* Frameworks */,
				C8F3D5732659DF58006C62C0 /* Resources */,
			);
			buildRules = (
			);
			dependencies = (
				C8F3D5772659DF58006C62C0 /* PBXTargetDependency */,
			);
			name = ImageCompUITests;
			productName = ImageCompUITests;
			productReference = C8F3D5752659DF58006C62C0 /* ImageCompUITests.xctest */;
			productType = "com.apple.product-type.bundle.ui-testing";
		};
/* End PBXNativeTarget section */

/* Begin PBXProject section */
		C8F3D5512659DF51006C62C0 /* Project object */ = {
			isa = PBXProject;
			attributes = {
				LastSwiftUpdateCheck = 1250;
				LastUpgradeCheck = 1250;
				TargetAttributes = {
					C8F3D5582659DF51006C62C0 = {
						CreatedOnToolsVersion = 12.5;
					};
					C8F3D5692659DF57006C62C0 = {
						CreatedOnToolsVersion = 12.5;
						TestTargetID = C8F3D5582659DF51006C62C0;
					};
					C8F3D5742659DF58006C62C0 = {
						CreatedOnToolsVersion = 12.5;
						TestTargetID = C8F3D5582659DF51006C62C0;
					};
				};
			};
			buildConfigurationList = C8F3D5542659DF51006C62C0 /* Build configuration list for PBXProject "ImageComp" */;
			compatibilityVersion = "Xcode 9.3";
			developmentRegion = en;
			hasScannedForEncodings = 0;
			knownRegions = (
				en,
				Base,
			);
			mainGroup = C8F3D5502659DF51006C62C0;
			productRefGroup = C8F3D55A2659DF51006C62C0 /* Products */;
			projectDirPath = "";
			projectRoot = "";
			targets = (
				C8F3D5582659DF51006C62C0 /* ImageComp */,
				C8F3D5692659DF57006C62C0 /* ImageCompTests */,
				C8F3D5742659DF58006C62C0 /* ImageCompUITests */,
			);
		};
/* End PBXProject section */

/* Begin PBXResourcesBuildPhase section */
		C8F3D5572659DF51006C62C0 /* Resources */ = {
			isa = PBXResourcesBuildPhase;
			buildActionMask = 2147483647;
			files = (
				C8F3D5642659DF57006C62C0 /* Preview Assets.xcassets in Resources */,
				C8F3D5612659DF57006C62C0 /* Assets.xcassets in Resources */,
			);
			runOnlyForDeploymentPostprocessing = 0;
		};
		C8F3D5682659DF57006C62C0 /* Resources */ = {
			isa = PBXResourcesBuildPhase;
			buildActionMask = 2147483647;
			files = (
			);
			runOnlyForDeploymentPostprocessing = 0;
		};
		C8F3D5732659DF58006C62C0 /* Resources */ = {
			isa = PBXResourcesBuildPhase;
			buildActionMask = 2147483647;
			files = (
			);
			runOnlyForDeploymentPostprocessing = 0;
		};
/* End PBXResourcesBuildPhase section */

/* Begin PBXSourcesBuildPhase section */
		C8F3D5552659DF51006C62C0 /* Sources */ = {
			isa = PBXSourcesBuildPhase;
			buildActionMask = 2147483647;
			files = (
				C8F3D55F2659DF51006C62C0 /* ContentView.swift in Sources */,
				C8F3D55D2659DF51006C62C0 /* ImageCompApp.swift in Sources */,
			);
			runOnlyForDeploymentPostprocessing = 0;
		};
		C8F3D5662659DF57006C62C0 /* Sources */ = {
			isa = PBXSourcesBuildPhase;
			buildActionMask = 2147483647;
			files = (
				C8F3D56F2659DF57006C62C0 /* ImageCompTests.swift in Sources */,
			);
			runOnlyForDeploymentPostprocessing = 0;
		};
		C8F3D5712659DF58006C62C0 /* Sources */ = {
			isa = PBXSourcesBuildPhase;
			buildActionMask = 2147483647;
			files = (
				C8F3D57A2659DF58006C62C0 /* ImageCompUITests.swift in Sources */,
			);
			runOnlyForDeploymentPostprocessing = 0;
		};
/* End PBXSourcesBuildPhase section */

/* Begin PBXTargetDependency section */
		C8F3D56C2659DF57006C62C0 /* PBXTargetDependency */ = {
			isa = PBXTargetDependency;
			target = C8F3D5582659DF51006C62C0 /* ImageComp */;
			targetProxy = C8F3D56B2659DF57006C62C0 /* PBXContainerItemProxy */;
		};
		C8F3D5772659DF58006C62C0 /* PBXTargetDependency */ = {
			isa = PBXTargetDependency;
			target = C8F3D5582659DF51006C62C0 /* ImageComp */;
			targetProxy = C8F3D5762659DF58006C62C0 /* PBXContainerItemProxy */;
		};
/* End PBXTargetDependency section */

/* Begin XCBuildConfiguration section */
		C8F3D57C2659DF58006C62C0 /* Debug */ = {
			isa = XCBuildConfiguration;
			buildSettings = {
				ALWAYS_SEARCH_USER_PATHS = NO;
				CLANG_ANALYZER_NONNULL = YES;
				CLANG_ANALYZER_NUMBER_OBJECT_CONVERSION = YES_AGGRESSIVE;
				CLANG_CXX_LANGUAGE_STANDARD = "gnu++14";
				CLANG_CXX_LIBRARY = "libc++";
				CLANG_ENABLE_MODULES = YES;
				CLANG_ENABLE_OBJC_ARC = YES;
				CLANG_ENABLE_OBJC_WEAK = YES;
				CLANG_WARN_BLOCK_CAPTURE_AUTORELEASING = YES;
				CLANG_WARN_BOOL_CONVERSION = YES;
				CLANG_WARN_COMMA = YES;
				CLANG_WARN_CONSTANT_CONVERSION = YES;
				CLANG_WARN_DEPRECATED_OBJC_IMPLEMENTATIONS = YES;
				CLANG_WARN_DIRECT_OBJC_ISA_USAGE = YES_ERROR;
				CLANG_WARN_DOCUMENTATION_COMMENTS = YES;
				CLANG_WARN_EMPTY_BODY = YES;
				CLANG_WARN_ENUM_CONVERSION = YES;
				CLANG_WARN_INFINITE_RECURSION = YES;
				CLANG_WARN_INT_CONVERSION = YES;
				CLANG_WARN_NON_LITERAL_NULL_CONVERSION = YES;
				CLANG_WARN_OBJC_IMPLICIT_RETAIN_SELF = YES;
				CLANG_WARN_OBJC_LITERAL_CONVERSION = YES;
				CLANG_WARN_OBJC_ROOT_CLASS = YES_ERROR;
				CLANG_WARN_QUOTED_INCLUDE_IN_FRAMEWORK_HEADER = YES;
				CLANG_WARN_RANGE_LOOP_ANALYSIS = YES;
				CLANG_WARN_STRICT_PROTOTYPES = YES;
				CLANG_WARN_SUSPICIOUS_MOVE = YES;
				CLANG_WARN_UNGUARDED_AVAILABILITY = YES_AGGRESSIVE;
				CLANG_WARN_UNREACHABLE_CODE = YES;
				CLANG_WARN__DUPLICATE_METHOD_MATCH = YES;
				COPY_PHASE_STRIP = NO;
				DEBUG_INFORMATION_FORMAT = dwarf;
				ENABLE_STRICT_OBJC_MSGSEND = YES;
				ENABLE_TESTABILITY = YES;
				GCC_C_LANGUAGE_STANDARD = gnu11;
				GCC_DYNAMIC_NO_PIC = NO;
				GCC_NO_COMMON_BLOCKS = YES;
				GCC_OPTIMIZATION_LEVEL = 0;
				GCC_PREPROCESSOR_DEFINITIONS = (
					"DEBUG=1",
					"$(inherited)",
				);
				GCC_WARN_64_TO_32_BIT_CONVERSION = YES;
				GCC_WARN_ABOUT_RETURN_TYPE = YES_ERROR;
				GCC_WARN_UNDECLARED_SELECTOR = YES;
				GCC_WARN_UNINITIALIZED_AUTOS = YES_AGGRESSIVE;
				GCC_WARN_UNUSED_FUNCTION = YES;
				GCC_WARN_UNUSED_VARIABLE = YES;
				IPHONEOS_DEPLOYMENT_TARGET = 14.5;
				MTL_ENABLE_DEBUG_INFO = INCLUDE_SOURCE;
				MTL_FAST_MATH = YES;
				ONLY_ACTIVE_ARCH = YES;
				SDKROOT = iphoneos;
				SWIFT_ACTIVE_COMPILATION_CONDITIONS = DEBUG;
				SWIFT_OPTIMIZATION_LEVEL = "-Onone";
			};
			name = Debug;
		};
		C8F3D57D2659DF58006C62C0 /* Release */ = {
			isa = XCBuildConfiguration;
			buildSettings = {
				ALWAYS_SEARCH_USER_PATHS = NO;
				CLANG_ANALYZER_NONNULL = YES;
				CLANG_ANALYZER_NUMBER_OBJECT_CONVERSION = YES_AGGRESSIVE;
				CLANG_CXX_LANGUAGE_STANDARD = "gnu++14";
				CLANG_CXX_LIBRARY = "libc++";
				CLANG_ENABLE_MODULES = YES;
				CLANG_ENABLE_OBJC_ARC = YES;
				CLANG_ENABLE_OBJC_WEAK = YES;
				CLANG_WARN_BLOCK_CAPTURE_AUTORELEASING = YES;
				CLANG_WARN_BOOL_CONVERSION = YES;
				CLANG_WARN_COMMA = YES;
				CLANG_WARN_CONSTANT_CONVERSION = YES;
				CLANG_WARN_DEPRECATED_OBJC_IMPLEMENTATIONS = YES;
				CLANG_WARN_DIRECT_OBJC_ISA_USAGE = YES_ERROR;
				CLANG_WARN_DOCUMENTATION_COMMENTS = YES;
				CLANG_WARN_EMPTY_BODY = YES;
				CLANG_WARN_ENUM_CONVERSION = YES;
				CLANG_WARN_INFINITE_RECURSION = YES;
				CLANG_WARN_INT_CONVERSION = YES;
				CLANG_WARN_NON_LITERAL_NULL_CONVERSION = YES;
				CLANG_WARN_OBJC_IMPLICIT_RETAIN_SELF = YES;
				CLANG_WARN_OBJC_LITERAL_CONVERSION = YES;
				CLANG_WARN_OBJC_ROOT_CLASS = YES_ERROR;
				CLANG_WARN_QUOTED_INCLUDE_IN_FRAMEWORK_HEADER = YES;
				CLANG_WARN_RANGE_LOOP_ANALYSIS = YES;
				CLANG_WARN_STRICT_PROTOTYPES = YES;
				CLANG_WARN_SUSPICIOUS_MOVE = YES;
				CLANG_WARN_UNGUARDED_AVAILABILITY = YES_AGGRESSIVE;
				CLANG_WARN_UNREACHABLE_CODE = YES;
				CLANG_WARN__DUPLICATE_METHOD_MATCH = YES;
				COPY_PHASE_STRIP = NO;
				DEBUG_INFORMATION_FORMAT = "dwarf-with-dsym";
				ENABLE_NS_ASSERTIONS = NO;
				ENABLE_STRICT_OBJC_MSGSEND = YES;
				GCC_C_LANGUAGE_STANDARD = gnu11;
				GCC_NO_COMMON_BLOCKS = YES;
				GCC_WARN_64_TO_32_BIT_CONVERSION = YES;
				GCC_WARN_ABOUT_RETURN_TYPE = YES_ERROR;
				GCC_WARN_UNDECLARED_SELECTOR = YES;
				GCC_WARN_UNINITIALIZED_AUTOS = YES_AGGRESSIVE;
				GCC_WARN_UNUSED_FUNCTION = YES;
				GCC_WARN_UNUSED_VARIABLE = YES;
				IPHONEOS_DEPLOYMENT_TARGET = 14.5;
				MTL_ENABLE_DEBUG_INFO = NO;
				MTL_FAST_MATH = YES;
				SDKROOT = iphoneos;
				SWIFT_COMPILATION_MODE = wholemodule;
				SWIFT_OPTIMIZATION_LEVEL = "-O";
				VALIDATE_PRODUCT = YES;
			};
			name = Release;
		};
		C8F3D57F2659DF58006C62C0 /* Debug */ = {
			isa = XCBuildConfiguration;
			buildSettings = {
				ASSETCATALOG_COMPILER_APPICON_NAME = AppIcon;
				ASSETCATALOG_COMPILER_GLOBAL_ACCENT_COLOR_NAME = AccentColor;
				CODE_SIGN_STYLE = Automatic;
				DEVELOPMENT_ASSET_PATHS = "\"ImageComp/Preview Content\"";
				ENABLE_PREVIEWS = YES;
				INFOPLIST_FILE = ImageComp/Info.plist;
				IPHONEOS_DEPLOYMENT_TARGET = 14.0;
				LD_RUNPATH_SEARCH_PATHS = (
					"$(inherited)",
					"@executable_path/Frameworks",
				);
				PRODUCT_BUNDLE_IDENTIFIER = sfu.ImageComp;
				PRODUCT_NAME = "$(TARGET_NAME)";
				SWIFT_VERSION = 5.0;
				TARGETED_DEVICE_FAMILY = "1,2";
			};
			name = Debug;
		};
		C8F3D5802659DF58006C62C0 /* Release */ = {
			isa = XCBuildConfiguration;
			buildSettings = {
				ASSETCATALOG_COMPILER_APPICON_NAME = AppIcon;
				ASSETCATALOG_COMPILER_GLOBAL_ACCENT_COLOR_NAME = AccentColor;
				CODE_SIGN_STYLE = Automatic;
				DEVELOPMENT_ASSET_PATHS = "\"ImageComp/Preview Content\"";
				ENABLE_PREVIEWS = YES;
				INFOPLIST_FILE = ImageComp/Info.plist;
				IPHONEOS_DEPLOYMENT_TARGET = 14.0;
				LD_RUNPATH_SEARCH_PATHS = (
					"$(inherited)",
					"@executable_path/Frameworks",
				);
				PRODUCT_BUNDLE_IDENTIFIER = sfu.ImageComp;
				PRODUCT_NAME = "$(TARGET_NAME)";
				SWIFT_VERSION = 5.0;
				TARGETED_DEVICE_FAMILY = "1,2";
			};
			name = Release;
		};
		C8F3D5822659DF58006C62C0 /* Debug */ = {
			isa = XCBuildConfiguration;
			buildSettings = {
				ALWAYS_EMBED_SWIFT_STANDARD_LIBRARIES = YES;
				BUNDLE_LOADER = "$(TEST_HOST)";
				CODE_SIGN_STYLE = Automatic;
				INFOPLIST_FILE = ImageCompTests/Info.plist;
				IPHONEOS_DEPLOYMENT_TARGET = 14.0;
				LD_RUNPATH_SEARCH_PATHS = (
					"$(inherited)",
					"@executable_path/Frameworks",
					"@loader_path/Frameworks",
				);
				PRODUCT_BUNDLE_IDENTIFIER = sfu.ImageCompTests;
				PRODUCT_NAME = "$(TARGET_NAME)";
				SWIFT_VERSION = 5.0;
				TARGETED_DEVICE_FAMILY = "1,2";
				TEST_HOST = "$(BUILT_PRODUCTS_DIR)/ImageComp.app/ImageComp";
			};
			name = Debug;
		};
		C8F3D5832659DF58006C62C0 /* Release */ = {
			isa = XCBuildConfiguration;
			buildSettings = {
				ALWAYS_EMBED_SWIFT_STANDARD_LIBRARIES = YES;
				BUNDLE_LOADER = "$(TEST_HOST)";
				CODE_SIGN_STYLE = Automatic;
				INFOPLIST_FILE = ImageCompTests/Info.plist;
				IPHONEOS_DEPLOYMENT_TARGET = 14.0;
				LD_RUNPATH_SEARCH_PATHS = (
					"$(inherited)",
					"@executable_path/Frameworks",
					"@loader_path/Frameworks",
				);
				PRODUCT_BUNDLE_IDENTIFIER = sfu.ImageCompTests;
				PRODUCT_NAME = "$(TARGET_NAME)";
				SWIFT_VERSION = 5.0;
				TARGETED_DEVICE_FAMILY = "1,2";
				TEST_HOST = "$(BUILT_PRODUCTS_DIR)/ImageComp.app/ImageComp";
			};
			name = Release;
		};
		C8F3D5852659DF58006C62C0 /* Debug */ = {
			isa = XCBuildConfiguration;
			buildSettings = {
				ALWAYS_EMBED_SWIFT_STANDARD_LIBRARIES = YES;
				CODE_SIGN_STYLE = Automatic;
				INFOPLIST_FILE = ImageCompUITests/Info.plist;
				LD_RUNPATH_SEARCH_PATHS = (
					"$(inherited)",
					"@executable_path/Frameworks",
					"@loader_path/Frameworks",
				);
				PRODUCT_BUNDLE_IDENTIFIER = sfu.ImageCompUITests;
				PRODUCT_NAME = "$(TARGET_NAME)";
				SWIFT_VERSION = 5.0;
				TARGETED_DEVICE_FAMILY = "1,2";
				TEST_TARGET_NAME = ImageComp;
			};
			name = Debug;
		};
		C8F3D5862659DF58006C62C0 /* Release */ = {
			isa = XCBuildConfiguration;
			buildSettings = {
				ALWAYS_EMBED_SWIFT_STANDARD_LIBRARIES = YES;
				CODE_SIGN_STYLE = Automatic;
				INFOPLIST_FILE = ImageCompUITests/Info.plist;
				LD_RUNPATH_SEARCH_PATHS = (
					"$(inherited)",
					"@executable_path/Frameworks",
					"@loader_path/Frameworks",
				);
				PRODUCT_BUNDLE_IDENTIFIER = sfu.ImageCompUITests;
				PRODUCT_NAME = "$(TARGET_NAME)";
				SWIFT_VERSION = 5.0;
				TARGETED_DEVICE_FAMILY = "1,2";
				TEST_TARGET_NAME = ImageComp;
			};
			name = Release;
		};
/* End XCBuildConfiguration section */

/* Begin XCConfigurationList section */
		C8F3D5542659DF51006C62C0 /* Build configuration list for PBXProject "ImageComp" */ = {
			isa = XCConfigurationList;
			buildConfigurations = (
				C8F3D57C2659DF58006C62C0 /* Debug */,
				C8F3D57D2659DF58006C62C0 /* Release */,
			);
			defaultConfigurationIsVisible = 0;
			defaultConfigurationName = Release;
		};
		C8F3D57E2659DF58006C62C0 /* Build configuration list for PBXNativeTarget "ImageComp" */ = {
			isa = XCConfigurationList;
			buildConfigurations = (
				C8F3D57F2659DF58006C62C0 /* Debug */,
				C8F3D5802659DF58006C62C0 /* Release */,
			);
			defaultConfigurationIsVisible = 0;
			defaultConfigurationName = Release;
		};
		C8F3D5812659DF58006C62C0 /* Build configuration list for PBXNativeTarget "ImageCompTests" */ = {
			isa = XCConfigurationList;
			buildConfigurations = (
				C8F3D5822659DF58006C62C0 /* Debug */,
				C8F3D5832659DF58006C62C0 /* Release */,
			);
			defaultConfigurationIsVisible = 0;
			defaultConfigurationName = Release;
		};
		C8F3D5842659DF58006C62C0 /* Build configuration list for PBXNativeTarget "ImageCompUITests" */ = {
			isa = XCConfigurationList;
			buildConfigurations = (
				C8F3D5852659DF58006C62C0 /* Debug */,
				C8F3D5862659DF58006C62C0 /* Release */,
			);
			defaultConfigurationIsVisible = 0;
			defaultConfigurationName = Release;
		};
/* End XCConfigurationList section */
	};
	rootObject = C8F3D5512659DF51006C62C0 /* Project object */;
}
